
Microsoft Visual Studio Solution File, Format Version 12.00
# Visual Studio Version 16
VisualStudioVersion = 16.0.31321.278
MinimumVisualStudioVersion = 10.0.40219.1
Project("{FAE04EC0-301F-11D3-BF4B-00C04F79EFBC}") = "Nappa", "Nappa.csproj", "{F82377E2-ABFA-4CC3-803E-A01966271B37}"
EndProject
Global
	GlobalSection(SolutionConfigurationPlatforms) = preSolution
		Debug|Any CPU = Debug|Any CPU
		Release|Any CPU = Release|Any CPU
	EndGlobalSection
	GlobalSection(ProjectConfigurationPlatforms) = postSolution
		{F82377E2-ABFA-4CC3-803E-A01966271B37}.Debug|Any CPU.ActiveCfg = Debug|Any CPU
		{F82377E2-ABFA-4CC3-803E-A01966271B37}.Debug|Any CPU.Build.0 = Debug|Any CPU
		{F82377E2-ABFA-4CC3-803E-A01966271B37}.Release|Any CPU.ActiveCfg = Release|Any CPU
		{F82377E2-ABFA-4CC3-803E-A01966271B37}.Release|Any CPU.Build.0 = Release|Any CPU
	EndGlobalSection
	GlobalSection(SolutionProperties) = preSolution
		HideSolutionNode = FALSE
	EndGlobalSection
	GlobalSection(ExtensibilityGlobals) = postSolution
		SolutionGuid = {3DD3E3BE-A61F-4460-A608-D36721D438C9}
	EndGlobalSection
EndGlobal
