
Microsoft Visual Studio Solution File, Format Version 12.00
# Visual Studio Version 16
VisualStudioVersion = 16.0.31321.278
MinimumVisualStudioVersion = 10.0.40219.1
Project("{FAE04EC0-301F-11D3-BF4B-00C04F79EFBC}") = "Arthas", "Arthas.csproj", "{42D75FCA-84FF-4394-B029-E338E039B81D}"
EndProject
Global
	GlobalSection(SolutionConfigurationPlatforms) = preSolution
		Debug|Any CPU = Debug|Any CPU
		Release|Any CPU = Release|Any CPU
	EndGlobalSection
	GlobalSection(ProjectConfigurationPlatforms) = postSolution
		{42D75FCA-84FF-4394-B029-E338E039B81D}.Debug|Any CPU.ActiveCfg = Debug|Any CPU
		{42D75FCA-84FF-4394-B029-E338E039B81D}.Debug|Any CPU.Build.0 = Debug|Any CPU
		{42D75FCA-84FF-4394-B029-E338E039B81D}.Release|Any CPU.ActiveCfg = Release|Any CPU
		{42D75FCA-84FF-4394-B029-E338E039B81D}.Release|Any CPU.Build.0 = Release|Any CPU
	EndGlobalSection
	GlobalSection(SolutionProperties) = preSolution
		HideSolutionNode = FALSE
	EndGlobalSection
	GlobalSection(ExtensibilityGlobals) = postSolution
		SolutionGuid = {74A54F53-5B88-4439-B832-778FA31F1884}
	EndGlobalSection
EndGlobal
