
Microsoft Visual Studio Solution File, Format Version 12.00
# Visual Studio Version 16
VisualStudioVersion = 16.0.31321.278
MinimumVisualStudioVersion = 10.0.40219.1
Project("{FAE04EC0-301F-11D3-BF4B-00C04F79EFBC}") = "Ragnaros", "Ragnaros.csproj", "{377480F2-CB6E-4421-9208-8EDF586D157F}"
EndProject
Global
	GlobalSection(SolutionConfigurationPlatforms) = preSolution
		Debug|Any CPU = Debug|Any CPU
		Release|Any CPU = Release|Any CPU
	EndGlobalSection
	GlobalSection(ProjectConfigurationPlatforms) = postSolution
		{377480F2-CB6E-4421-9208-8EDF586D157F}.Debug|Any CPU.ActiveCfg = Debug|Any CPU
		{377480F2-CB6E-4421-9208-8EDF586D157F}.Debug|Any CPU.Build.0 = Debug|Any CPU
		{377480F2-CB6E-4421-9208-8EDF586D157F}.Release|Any CPU.ActiveCfg = Release|Any CPU
		{377480F2-CB6E-4421-9208-8EDF586D157F}.Release|Any CPU.Build.0 = Release|Any CPU
	EndGlobalSection
	GlobalSection(SolutionProperties) = preSolution
		HideSolutionNode = FALSE
	EndGlobalSection
	GlobalSection(ExtensibilityGlobals) = postSolution
		SolutionGuid = {D8F44A3D-311A-4D8C-9B09-A8CB82B169DA}
	EndGlobalSection
EndGlobal
